
Microsoft Visual Studio Solution File, Format Version 12.00
# Visual Studio Version 17
VisualStudioVersion = 17.5.2.0
MinimumVisualStudioVersion = 10.0.40219.1
Project("{FAE04EC0-301F-11D3-BF4B-00C04F79EFBC}") = "MyWorkItemBackend", "MyWorkItemBackend.csproj", "{2F67CEF5-534B-E78A-447E-257AA70272E6}"
EndProject
Project("{FAE04EC0-301F-11D3-BF4B-00C04F79EFBC}") = "MyWorkItemBackend.Tests", "..\MyWorkItemBackend.Tests\MyWorkItemBackend.Tests.csproj", "{246C82EF-EBB5-41CB-86CC-D9DCEA856959}"
EndProject
Global
	GlobalSection(SolutionConfigurationPlatforms) = preSolution
		Debug|Any CPU = Debug|Any CPU
		Debug|x64 = Debug|x64
		Debug|x86 = Debug|x86
		Release|Any CPU = Release|Any CPU
		Release|x64 = Release|x64
		Release|x86 = Release|x86
	EndGlobalSection
	GlobalSection(ProjectConfigurationPlatforms) = postSolution
		{2F67CEF5-534B-E78A-447E-257AA70272E6}.Debug|Any CPU.ActiveCfg = Debug|Any CPU
		{2F67CEF5-534B-E78A-447E-257AA70272E6}.Debug|Any CPU.Build.0 = Debug|Any CPU
		{2F67CEF5-534B-E78A-447E-257AA70272E6}.Debug|x64.ActiveCfg = Debug|Any CPU
		{2F67CEF5-534B-E78A-447E-257AA70272E6}.Debug|x64.Build.0 = Debug|Any CPU
		{2F67CEF5-534B-E78A-447E-257AA70272E6}.Debug|x86.ActiveCfg = Debug|Any CPU
		{2F67CEF5-534B-E78A-447E-257AA70272E6}.Debug|x86.Build.0 = Debug|Any CPU
		{2F67CEF5-534B-E78A-447E-257AA70272E6}.Release|Any CPU.ActiveCfg = Release|Any CPU
		{2F67CEF5-534B-E78A-447E-257AA70272E6}.Release|Any CPU.Build.0 = Release|Any CPU
		{2F67CEF5-534B-E78A-447E-257AA70272E6}.Release|x64.ActiveCfg = Release|Any CPU
		{2F67CEF5-534B-E78A-447E-257AA70272E6}.Release|x64.Build.0 = Release|Any CPU
		{2F67CEF5-534B-E78A-447E-257AA70272E6}.Release|x86.ActiveCfg = Release|Any CPU
		{2F67CEF5-534B-E78A-447E-257AA70272E6}.Release|x86.Build.0 = Release|Any CPU
		{246C82EF-EBB5-41CB-86CC-D9DCEA856959}.Debug|Any CPU.ActiveCfg = Debug|Any CPU
		{246C82EF-EBB5-41CB-86CC-D9DCEA856959}.Debug|Any CPU.Build.0 = Debug|Any CPU
		{246C82EF-EBB5-41CB-86CC-D9DCEA856959}.Debug|x64.ActiveCfg = Debug|Any CPU
		{246C82EF-EBB5-41CB-86CC-D9DCEA856959}.Debug|x64.Build.0 = Debug|Any CPU
		{246C82EF-EBB5-41CB-86CC-D9DCEA856959}.Debug|x86.ActiveCfg = Debug|Any CPU
		{246C82EF-EBB5-41CB-86CC-D9DCEA856959}.Debug|x86.Build.0 = Debug|Any CPU
		{246C82EF-EBB5-41CB-86CC-D9DCEA856959}.Release|Any CPU.ActiveCfg = Release|Any CPU
		{246C82EF-EBB5-41CB-86CC-D9DCEA856959}.Release|Any CPU.Build.0 = Release|Any CPU
		{246C82EF-EBB5-41CB-86CC-D9DCEA856959}.Release|x64.ActiveCfg = Release|Any CPU
		{246C82EF-EBB5-41CB-86CC-D9DCEA856959}.Release|x64.Build.0 = Release|Any CPU
		{246C82EF-EBB5-41CB-86CC-D9DCEA856959}.Release|x86.ActiveCfg = Release|Any CPU
		{246C82EF-EBB5-41CB-86CC-D9DCEA856959}.Release|x86.Build.0 = Release|Any CPU
	EndGlobalSection
	GlobalSection(SolutionProperties) = preSolution
		HideSolutionNode = FALSE
	EndGlobalSection
	GlobalSection(ExtensibilityGlobals) = postSolution
		SolutionGuid = {5AB1AF72-CBC0-43A3-B86A-159B67D013C8}
	EndGlobalSection
EndGlobal
